
Microsoft Visual Studio Solution File, Format Version 12.00
# Visual Studio 2012
Project("{8BC9CEB8-8B4A-11D0-8D11-00A0C91BC942}") = "Ghi ra tap tin", "Ghi ra tap tin\Ghi ra tap tin.vcxproj", "{8831DC4C-049C-469A-B94D-1C55D733EBCC}"
EndProject
Project("{8BC9CEB8-8B4A-11D0-8D11-00A0C91BC942}") = "Doc tu tap tin", "Doc tu tap tin\Doc tu tap tin.vcxproj", "{B0EAA2C6-07F8-453F-BB69-6FCA26B35197}"
EndProject
Project("{8BC9CEB8-8B4A-11D0-8D11-00A0C91BC942}") = "Doc tap tin phuc tap", "Doc tap tin phuc tap\Doc tap tin phuc tap.vcxproj", "{9AD9B902-0BC7-4F6F-9168-D7D8AAF2AD8B}"
EndProject
Global
	GlobalSection(SolutionConfigurationPlatforms) = preSolution
		Debug|Win32 = Debug|Win32
		Release|Win32 = Release|Win32
	EndGlobalSection
	GlobalSection(ProjectConfigurationPlatforms) = postSolution
		{8831DC4C-049C-469A-B94D-1C55D733EBCC}.Debug|Win32.ActiveCfg = Debug|Win32
		{8831DC4C-049C-469A-B94D-1C55D733EBCC}.Debug|Win32.Build.0 = Debug|Win32
		{8831DC4C-049C-469A-B94D-1C55D733EBCC}.Release|Win32.ActiveCfg = Release|Win32
		{8831DC4C-049C-469A-B94D-1C55D733EBCC}.Release|Win32.Build.0 = Release|Win32
		{B0EAA2C6-07F8-453F-BB69-6FCA26B35197}.Debug|Win32.ActiveCfg = Debug|Win32
		{B0EAA2C6-07F8-453F-BB69-6FCA26B35197}.Debug|Win32.Build.0 = Debug|Win32
		{B0EAA2C6-07F8-453F-BB69-6FCA26B35197}.Release|Win32.ActiveCfg = Release|Win32
		{B0EAA2C6-07F8-453F-BB69-6FCA26B35197}.Release|Win32.Build.0 = Release|Win32
		{9AD9B902-0BC7-4F6F-9168-D7D8AAF2AD8B}.Debug|Win32.ActiveCfg = Debug|Win32
		{9AD9B902-0BC7-4F6F-9168-D7D8AAF2AD8B}.Debug|Win32.Build.0 = Debug|Win32
		{9AD9B902-0BC7-4F6F-9168-D7D8AAF2AD8B}.Release|Win32.ActiveCfg = Release|Win32
		{9AD9B902-0BC7-4F6F-9168-D7D8AAF2AD8B}.Release|Win32.Build.0 = Release|Win32
	EndGlobalSection
	GlobalSection(SolutionProperties) = preSolution
		HideSolutionNode = FALSE
	EndGlobalSection
EndGlobal
